
Microsoft Visual Studio Solution File, Format Version 12.00
# Visual Studio Version 16
VisualStudioVersion = 16.0.30002.166
MinimumVisualStudioVersion = 10.0.40219.1
Project("{9A19103F-16F7-4668-BE54-9A1E7A4F7556}") = "FalconSoft.SqlDataApi.Client", "FalconSoft.SqlDataApi.Client\FalconSoft.SqlDataApi.Client.csproj", "{8AA41163-600D-4D74-8033-8F3CFE04BE3D}"
EndProject
Project("{9A19103F-16F7-4668-BE54-9A1E7A4F7556}") = "FalconSoft.SqlDataApi.Client.Tests", "FalconSoft.SqlDataApi.Client.Tests\FalconSoft.SqlDataApi.Client.Tests.csproj", "{7369A44C-7727-4566-A114-E8F26CCF886B}"
EndProject
Global
	GlobalSection(SolutionConfigurationPlatforms) = preSolution
		Debug|Any CPU = Debug|Any CPU
		Release|Any CPU = Release|Any CPU
	EndGlobalSection
	GlobalSection(ProjectConfigurationPlatforms) = postSolution
		{8AA41163-600D-4D74-8033-8F3CFE04BE3D}.Debug|Any CPU.ActiveCfg = Debug|Any CPU
		{8AA41163-600D-4D74-8033-8F3CFE04BE3D}.Debug|Any CPU.Build.0 = Debug|Any CPU
		{8AA41163-600D-4D74-8033-8F3CFE04BE3D}.Release|Any CPU.ActiveCfg = Release|Any CPU
		{8AA41163-600D-4D74-8033-8F3CFE04BE3D}.Release|Any CPU.Build.0 = Release|Any CPU
		{7369A44C-7727-4566-A114-E8F26CCF886B}.Debug|Any CPU.ActiveCfg = Debug|Any CPU
		{7369A44C-7727-4566-A114-E8F26CCF886B}.Debug|Any CPU.Build.0 = Debug|Any CPU
		{7369A44C-7727-4566-A114-E8F26CCF886B}.Release|Any CPU.ActiveCfg = Release|Any CPU
		{7369A44C-7727-4566-A114-E8F26CCF886B}.Release|Any CPU.Build.0 = Release|Any CPU
	EndGlobalSection
	GlobalSection(SolutionProperties) = preSolution
		HideSolutionNode = FALSE
	EndGlobalSection
	GlobalSection(ExtensibilityGlobals) = postSolution
		SolutionGuid = {6078E2D2-54A1-4BE7-8AD7-AE9974E5324F}
	EndGlobalSection
EndGlobal
